# This file is automatically @generated by Cargo.
# It is not intended for manual editing.
version = 3

[[package]]
name = "bitflags"
version = "2.10.0"
source = "sparse+https://index.crates.io/"
checksum = "812e12b5285cc515a9c72a5c1d3b6d46a19dac5acfef5265968c166106e31dd3"

[[package]]
name = "cargo_config_discovery"
version = "0.1.0"
dependencies = [
 "bitflags",
]
